<?xml version="1.0" encoding="UTF-8" standalone="yes" ?>
<CodeBlocks_project_file>
	<FileVersion major="1" minor="6" />
	<Project>
		<Option title="Game" />
		<Option pch_mode="2" />
		<Option compiler="gcc" />
		<Build>
			<Target title="Debug">
				<Option output="bin/Debug/Game" prefix_auto="1" extension_auto="1" />
				<Option object_output="obj/Debug/" />
				<Option type="1" />
				<Option compiler="gcc" />
				<Compiler>
					<Add option="-g" />
					<Add option="-DDEBUG" />
					<Add directory="include" />
					<Add directory="mapObj" />
					<Add directory="capa" />
					<Add directory="monstres" />
					<Add directory="Map" />
					<Add directory="C:/Program Files (x86)/CodeBlocks/SDL2-2.0.8/include" />
					<Add directory="C:/Program Files (x86)/CodeBlocks/SDL2_ttf-2.0.14/include" />
					<Add directory="C:/Program Files (x86)/CodeBlocks/SDL2_image-2.0.1/include" />
					<Add directory="MapElement" />
					<Add directory="MapElement/" />
					<Add directory="C:/Program Files (x86)/CodeBlocks/SDL2_mixer-2.0.2/include" />
					<Add directory="Scene" />
				</Compiler>
				<ResourceCompiler>
					<Add directory="./" />
				</ResourceCompiler>
				<Linker>
					<Add library="C:/Program Files (x86)/CodeBlocks/SDL2-2.0.8/lib/x86/SDL2.lib" />
					<Add library="C:/Program Files (x86)/CodeBlocks/SDL2-2.0.8/lib/x86/SDL2main.lib" />
					<Add library="C:/Program Files (x86)/CodeBlocks/SDL2-2.0.8/lib/x86/SDL2test.lib" />
					<Add library="C:/Program Files (x86)/CodeBlocks/SDL2_ttf-2.0.14/lib/x86/SDL2_ttf.lib" />
					<Add library="C:/Program Files (x86)/CodeBlocks/SDL2_image-2.0.1/lib/x86/SDL2_image.lib" />
					<Add library="C:/Program Files (x86)/CodeBlocks/SDL2_mixer-2.0.2/lib/x86/SDL2_mixer.lib" />
					<Add directory="./" />
				</Linker>
			</Target>
			<Target title="Release">
				<Option output="bin/Release/Game" prefix_auto="1" extension_auto="1" />
				<Option object_output="obj/Release/" />
				<Option type="0" />
				<Option compiler="gcc" />
				<Compiler>
					<Add option="-O2" />
					<Add directory="include" />
					<Add directory="mapObj" />
					<Add directory="capa" />
					<Add directory="monstres" />
					<Add directory="Map" />
					<Add directory="C:/Program Files (x86)/CodeBlocks/SDL2-2.0.8/include" />
					<Add directory="C:/Program Files (x86)/CodeBlocks/SDL2_ttf-2.0.14/include" />
					<Add directory="C:/Program Files (x86)/CodeBlocks/SDL2_image-2.0.1/include" />
					<Add directory="MapElement" />
					<Add directory="MapElement/" />
					<Add directory="C:/Program Files (x86)/CodeBlocks/SDL2_mixer-2.0.2/include" />
					<Add directory="Scene" />
				</Compiler>
				<ResourceCompiler>
					<Add directory="./" />
				</ResourceCompiler>
				<Linker>
					<Add option="-s" />
					<Add library="C:/Program Files (x86)/CodeBlocks/SDL2-2.0.8/lib/x86/SDL2.lib" />
					<Add library="C:/Program Files (x86)/CodeBlocks/SDL2-2.0.8/lib/x86/SDL2main.lib" />
					<Add library="C:/Program Files (x86)/CodeBlocks/SDL2-2.0.8/lib/x86/SDL2test.lib" />
					<Add library="C:/Program Files (x86)/CodeBlocks/SDL2_ttf-2.0.14/lib/x86/SDL2_ttf.lib" />
					<Add library="C:/Program Files (x86)/CodeBlocks/SDL2_image-2.0.1/lib/x86/SDL2_image.lib" />
					<Add library="C:/Program Files (x86)/CodeBlocks/SDL2_mixer-2.0.2/lib/x86/SDL2_mixer.lib" />
					<Add directory="./" />
				</Linker>
			</Target>
		</Build>
		<Compiler>
			<Add option="-Wall" />
			<Add directory="C:/Program Files (x86)/CodeBlocks/SDL2-2.0.8/include" />
			<Add directory="C:/Program Files (x86)/CodeBlocks/SDL2_ttf-2.0.14/include" />
			<Add directory="C:/Program Files (x86)/CodeBlocks/SDL2_image-2.0.1/include" />
			<Add directory="C:/Program Files (x86)/CodeBlocks/SDL2_mixer-2.0.2/include" />
		</Compiler>
		<ResourceCompiler>
			<Add directory="./" />
		</ResourceCompiler>
		<Linker>
			<Add library="C:/Program Files (x86)/CodeBlocks/SDL2-2.0.8/lib/x86/SDL2.lib" />
			<Add library="C:/Program Files (x86)/CodeBlocks/SDL2-2.0.8/lib/x86/SDL2main.lib" />
			<Add library="C:/Program Files (x86)/CodeBlocks/SDL2-2.0.8/lib/x86/SDL2test.lib" />
			<Add library="C:/Program Files (x86)/CodeBlocks/SDL2_ttf-2.0.14/lib/x86/SDL2_ttf.lib" />
			<Add library="C:/Program Files (x86)/CodeBlocks/SDL2_image-2.0.1/lib/x86/SDL2_image.lib" />
			<Add library="C:/Program Files (x86)/CodeBlocks/SDL2_mixer-2.0.2/lib/x86/SDL2_mixer.lib" />
			<Add directory="C:/Program Files (x86)/CodeBlocks/SDL2-2.0.5/lib/x86" />
		</Linker>
		<Unit filename="Bullet.cpp" />
		<Unit filename="Bullet.h" />
		<Unit filename="CustomCollection.h" />
		<Unit filename="Eni.cpp" />
		<Unit filename="Eni.h" />
		<Unit filename="Eni/Alien.cpp" />
		<Unit filename="Eni/Alien.h" />
		<Unit filename="Eni/Biped.cpp" />
		<Unit filename="Eni/Biped.h" />
		<Unit filename="Eni/Boss1.cpp" />
		<Unit filename="Eni/Boss1.h" />
		<Unit filename="Eni/Boss2.cpp" />
		<Unit filename="Eni/Boss2.h" />
		<Unit filename="Eni/Boss3.cpp" />
		<Unit filename="Eni/Boss3.h" />
		<Unit filename="Eni/BounceEni.cpp" />
		<Unit filename="Eni/BounceEni.h" />
		<Unit filename="Eni/Crab.cpp" />
		<Unit filename="Eni/Crab.h" />
		<Unit filename="Eni/FlyingEni.cpp" />
		<Unit filename="Eni/FlyingEni.h" />
		<Unit filename="Eni/Insect.cpp" />
		<Unit filename="Eni/Insect.h" />
		<Unit filename="Eni/Insect2.cpp" />
		<Unit filename="Eni/Insect2.h" />
		<Unit filename="Eni/Jumper.cpp" />
		<Unit filename="Eni/Jumper.h" />
		<Unit filename="Eni/Robot.cpp" />
		<Unit filename="Eni/Robot.h" />
		<Unit filename="Eni/WalkingEni.cpp" />
		<Unit filename="Eni/WalkingEni.h" />
		<Unit filename="Item/DoubleJump.cpp" />
		<Unit filename="Item/DoubleJump.h" />
		<Unit filename="Item/Item.cpp" />
		<Unit filename="Item/Item.h" />
		<Unit filename="Item/Key.cpp" />
		<Unit filename="Item/Key.h" />
		<Unit filename="Item/Life.cpp" />
		<Unit filename="Item/Life.h" />
		<Unit filename="MapElement/Door.cpp" />
		<Unit filename="MapElement/Door.h" />
		<Unit filename="MapElement/MapElement.cpp" />
		<Unit filename="MapElement/MapElement.h" />
		<Unit filename="MapElement/Plan.cpp" />
		<Unit filename="MapElement/Plan.h" />
		<Unit filename="MapElement/Sortie.cpp" />
		<Unit filename="MapElement/Sortie.h" />
		<Unit filename="MapElement/Wall.cpp" />
		<Unit filename="MapElement/Wall.h" />
		<Unit filename="Map/MapLoader.cpp" />
		<Unit filename="Map/MapProto.cpp" />
		<Unit filename="Map/MapProto.h" />
		<Unit filename="Map/Maploader.h" />
		<Unit filename="MyGame.cpp" />
		<Unit filename="MyGame.h" />
		<Unit filename="Player.cpp" />
		<Unit filename="Player.h" />
		<Unit filename="Room.cpp" />
		<Unit filename="Room.h" />
		<Unit filename="Scene/BigMap.cpp" />
		<Unit filename="Scene/BigMap.h" />
		<Unit filename="Scene/Intro.cpp" />
		<Unit filename="Scene/Intro.h" />
		<Unit filename="Scene/MenuIntro.cpp" />
		<Unit filename="Scene/MenuIntro.h" />
		<Unit filename="Scene/MenuScene.cpp" />
		<Unit filename="Scene/MenuScene.h" />
		<Unit filename="Scene/PlatformMap.cpp" />
		<Unit filename="Scene/PlatformMap.h" />
		<Unit filename="Scene/ScreenMessage.cpp" />
		<Unit filename="Scene/ScreenMessage.h" />
		<Unit filename="Scene/TestScene.cpp" />
		<Unit filename="Scene/TestScene.h" />
		<Unit filename="core/Game.cpp" />
		<Unit filename="core/Game.h" />
		<Unit filename="core/Scene.cpp" />
		<Unit filename="core/Scene.h" />
		<Unit filename="core/main.cpp" />
		<Unit filename="gfx/SDL2_rotozoom.c">
			<Option compilerVar="CC" />
		</Unit>
		<Unit filename="gfx/SDL2_rotozoom.h" />
		<Unit filename="icon.rc">
			<Option compilerVar="WINDRES" />
		</Unit>
		<Unit filename="level/Level1.cpp" />
		<Unit filename="level/Level1.h" />
		<Unit filename="level/Level10.cpp" />
		<Unit filename="level/Level10.h" />
		<Unit filename="level/Level11.cpp" />
		<Unit filename="level/Level11.h" />
		<Unit filename="level/Level12.cpp" />
		<Unit filename="level/Level12.h" />
		<Unit filename="level/Level13.cpp" />
		<Unit filename="level/Level13.h" />
		<Unit filename="level/Level14.cpp" />
		<Unit filename="level/Level14.h" />
		<Unit filename="level/Level15.cpp" />
		<Unit filename="level/Level15.h" />
		<Unit filename="level/Level16.cpp" />
		<Unit filename="level/Level16.h" />
		<Unit filename="level/Level17.cpp" />
		<Unit filename="level/Level17.h" />
		<Unit filename="level/Level18.cpp" />
		<Unit filename="level/Level18.h" />
		<Unit filename="level/Level19.cpp" />
		<Unit filename="level/Level19.h" />
		<Unit filename="level/Level2.cpp" />
		<Unit filename="level/Level2.h" />
		<Unit filename="level/Level20.cpp" />
		<Unit filename="level/Level20.h" />
		<Unit filename="level/Level21.cpp" />
		<Unit filename="level/Level21.h" />
		<Unit filename="level/Level22.cpp" />
		<Unit filename="level/Level22.h" />
		<Unit filename="level/Level23.cpp" />
		<Unit filename="level/Level23.h" />
		<Unit filename="level/Level24.cpp" />
		<Unit filename="level/Level24.h" />
		<Unit filename="level/Level3.cpp" />
		<Unit filename="level/Level3.h" />
		<Unit filename="level/Level4.cpp" />
		<Unit filename="level/Level4.h" />
		<Unit filename="level/Level5.cpp" />
		<Unit filename="level/Level5.h" />
		<Unit filename="level/Level6.cpp" />
		<Unit filename="level/Level6.h" />
		<Unit filename="level/Level7.cpp" />
		<Unit filename="level/Level7.h" />
		<Unit filename="level/Level8.cpp" />
		<Unit filename="level/Level8.h" />
		<Unit filename="level/Level9.cpp" />
		<Unit filename="level/Level9.h" />
		<Unit filename="menuItem/Continue.cpp" />
		<Unit filename="menuItem/Continue.h" />
		<Unit filename="menuItem/FullScreen.cpp" />
		<Unit filename="menuItem/FullScreen.h" />
		<Unit filename="menuItem/LoachMenu.cpp" />
		<Unit filename="menuItem/LoachMenu.h" />
		<Unit filename="menuItem/Quit.cpp" />
		<Unit filename="menuItem/Quit.h" />
		<Unit filename="menuItem/Start.cpp" />
		<Unit filename="menuItem/Start.h" />
		<Unit filename="menu/ElementMenu.cpp" />
		<Unit filename="menu/ElementMenu.h" />
		<Unit filename="menu/Menu.cpp" />
		<Unit filename="menu/Menu.h" />
		<Unit filename="menu/SousMenu.cpp" />
		<Unit filename="menu/SousMenu.h" />
		<Unit filename="util/Barre.cpp" />
		<Unit filename="util/Barre.h" />
		<Unit filename="util/benrandom.cpp" />
		<Unit filename="util/benrandom.h" />
		<Unit filename="util/collision.cpp" />
		<Unit filename="util/collision.h" />
		<Unit filename="util/fonctionDessin.cpp" />
		<Unit filename="util/fonctionDessin.h" />
		<Unit filename="util/fonctionTTF.cpp" />
		<Unit filename="util/fonctionTTF.h" />
		<Extensions>
			<code_completion />
			<envvars />
			<debugger />
			<lib_finder disable_auto="1" />
		</Extensions>
	</Project>
</CodeBlocks_project_file>
